
Microsoft Visual Studio Solution File, Format Version 12.00
# Visual Studio Version 17
VisualStudioVersion = 17.0.31903.59
MinimumVisualStudioVersion = 10.0.40219.1
Project("{2150E333-8FDC-42A3-9474-1A3956D46DE8}") = "Services", "Services", "{26CC5B4B-964F-45F0-99B3-C199B11041C1}"
EndProject
Project("{2150E333-8FDC-42A3-9474-1A3956D46DE8}") = "Webs", "Webs", "{831E04E3-43B0-4B96-9996-9F534F40DB55}"
EndProject
Project("{2150E333-8FDC-42A3-9474-1A3956D46DE8}") = "Discount", "Discount", "{5E620924-9494-4F4E-AF05-E27708E506BE}"
EndProject
Project("{2150E333-8FDC-42A3-9474-1A3956D46DE8}") = "Catalog", "Catalog", "{F5DAB90B-43CE-4B12-8570-E7F2F26CC53C}"
EndProject
Project("{2150E333-8FDC-42A3-9474-1A3956D46DE8}") = "Identity", "Identity", "{1A3D3060-96C6-41EA-88EF-47E38F6A4F2B}"
EndProject
Project("{2150E333-8FDC-42A3-9474-1A3956D46DE8}") = "Order", "Order", "{1237810D-76B0-4144-948A-B6EC83112331}"
EndProject
Project("{2150E333-8FDC-42A3-9474-1A3956D46DE8}") = "BuildingBlocks", "BuildingBlocks", "{CA658618-4A8D-4B4E-AFCD-5DFF2B67C396}"
EndProject
Project("{2150E333-8FDC-42A3-9474-1A3956D46DE8}") = "ApiGateways", "ApiGateways", "{4508A801-DA3B-4BC5-95D3-399BF0F7A862}"
EndProject
Project("{2150E333-8FDC-42A3-9474-1A3956D46DE8}") = "Chat", "Chat", "{DCFB1E6E-9A2E-45A2-A113-D5EE3BA221AD}"
EndProject
Project("{9A19103F-16F7-4668-BE54-9A1E7A4F7556}") = "ASPNET-MVC", "Webs\ASPNET-MVC\ASPNET-MVC.csproj", "{A4671AF7-4996-4F46-BBDB-5351057B4AEB}"
EndProject
Project("{9A19103F-16F7-4668-BE54-9A1E7A4F7556}") = "Discount.API", "Services\Discount\Discount.API\Discount.API.csproj", "{F7A4401E-B2CE-4B0B-A4EA-7295829C604F}"
EndProject
Project("{9A19103F-16F7-4668-BE54-9A1E7A4F7556}") = "Catalog.API", "Services\Catalog\Catalog.API\Catalog.API.csproj", "{7E74FFAA-9F1C-4061-8757-978777570C5A}"
EndProject
Project("{9A19103F-16F7-4668-BE54-9A1E7A4F7556}") = "Chat.API", "Services\Chat\Chat.API\Chat.API.csproj", "{EBD79EAF-59FF-4928-8705-57629FE7F4F0}"
EndProject
Project("{9A19103F-16F7-4668-BE54-9A1E7A4F7556}") = "Identity.API", "Services\Identity\Identity.API\Identity.API.csproj", "{DE7DDD77-3C9A-417C-9E7E-B9B273263318}"
EndProject
Project("{9A19103F-16F7-4668-BE54-9A1E7A4F7556}") = "Order.API", "Services\Order\Order.API\Order.API.csproj", "{01FD5A72-AB4F-432B-8AE9-4220810FF931}"
EndProject
Project("{9A19103F-16F7-4668-BE54-9A1E7A4F7556}") = "Order.Domain", "Services\Order\Order.Domain\Order.Domain.csproj", "{A3F536BC-5E0C-4289-BEC3-F8B3F0CF4CF8}"
EndProject
Project("{9A19103F-16F7-4668-BE54-9A1E7A4F7556}") = "Order.Application", "Services\Order\Order.Application\Order.Application.csproj", "{48E12798-2E83-4BE2-8664-1ABF2647ED04}"
EndProject
Project("{9A19103F-16F7-4668-BE54-9A1E7A4F7556}") = "Order.Infrastructure", "Services\Order\Order.Infrastructure\Order.Infrastructure.csproj", "{A897F5B6-0B74-4418-AFFF-817BC56AB07F}"
EndProject
Project("{2150E333-8FDC-42A3-9474-1A3956D46DE8}") = "Cart", "Cart", "{2EC8CF64-CFE4-4305-A101-F0042B75994A}"
EndProject
Project("{9A19103F-16F7-4668-BE54-9A1E7A4F7556}") = "Cart.API", "Services\Cart\Cart.API\Cart.API.csproj", "{5CAD8053-9D4B-4923-898D-6D90ED22541D}"
EndProject
Project("{E53339B2-1760-4266-BCC7-CA923CBCF16C}") = "docker-compose", "docker-compose.dcproj", "{3CF53635-7BC9-49A1-AF16-0730DC0835AF}"
EndProject
Project("{FAE04EC0-301F-11D3-BF4B-00C04F79EFBC}") = "EventBus", "BuildingBlocks\EventBus\EventBus.csproj", "{9386592B-0983-403B-8DCD-05F233474ADA}"
EndProject
Project("{2150E333-8FDC-42A3-9474-1A3956D46DE8}") = "Email", "Email", "{49913358-6AD3-4A83-8B28-A6CAF94F20D8}"
EndProject
Project("{FAE04EC0-301F-11D3-BF4B-00C04F79EFBC}") = "Email.API", "Services\Email\Email.API\Email.API.csproj", "{BEB1245C-3148-4410-8A94-704DD5518250}"
EndProject
Global
	GlobalSection(SolutionConfigurationPlatforms) = preSolution
		Debug|Any CPU = Debug|Any CPU
		Release|Any CPU = Release|Any CPU
	EndGlobalSection
	GlobalSection(ProjectConfigurationPlatforms) = postSolution
		{A4671AF7-4996-4F46-BBDB-5351057B4AEB}.Debug|Any CPU.ActiveCfg = Debug|Any CPU
		{A4671AF7-4996-4F46-BBDB-5351057B4AEB}.Debug|Any CPU.Build.0 = Debug|Any CPU
		{A4671AF7-4996-4F46-BBDB-5351057B4AEB}.Release|Any CPU.ActiveCfg = Release|Any CPU
		{A4671AF7-4996-4F46-BBDB-5351057B4AEB}.Release|Any CPU.Build.0 = Release|Any CPU
		{F7A4401E-B2CE-4B0B-A4EA-7295829C604F}.Debug|Any CPU.ActiveCfg = Debug|Any CPU
		{F7A4401E-B2CE-4B0B-A4EA-7295829C604F}.Debug|Any CPU.Build.0 = Debug|Any CPU
		{F7A4401E-B2CE-4B0B-A4EA-7295829C604F}.Release|Any CPU.ActiveCfg = Release|Any CPU
		{F7A4401E-B2CE-4B0B-A4EA-7295829C604F}.Release|Any CPU.Build.0 = Release|Any CPU
		{7E74FFAA-9F1C-4061-8757-978777570C5A}.Debug|Any CPU.ActiveCfg = Debug|Any CPU
		{7E74FFAA-9F1C-4061-8757-978777570C5A}.Debug|Any CPU.Build.0 = Debug|Any CPU
		{7E74FFAA-9F1C-4061-8757-978777570C5A}.Release|Any CPU.ActiveCfg = Release|Any CPU
		{7E74FFAA-9F1C-4061-8757-978777570C5A}.Release|Any CPU.Build.0 = Release|Any CPU
		{EBD79EAF-59FF-4928-8705-57629FE7F4F0}.Debug|Any CPU.ActiveCfg = Debug|Any CPU
		{EBD79EAF-59FF-4928-8705-57629FE7F4F0}.Debug|Any CPU.Build.0 = Debug|Any CPU
		{EBD79EAF-59FF-4928-8705-57629FE7F4F0}.Release|Any CPU.ActiveCfg = Release|Any CPU
		{EBD79EAF-59FF-4928-8705-57629FE7F4F0}.Release|Any CPU.Build.0 = Release|Any CPU
		{DE7DDD77-3C9A-417C-9E7E-B9B273263318}.Debug|Any CPU.ActiveCfg = Debug|Any CPU
		{DE7DDD77-3C9A-417C-9E7E-B9B273263318}.Debug|Any CPU.Build.0 = Debug|Any CPU
		{DE7DDD77-3C9A-417C-9E7E-B9B273263318}.Release|Any CPU.ActiveCfg = Release|Any CPU
		{DE7DDD77-3C9A-417C-9E7E-B9B273263318}.Release|Any CPU.Build.0 = Release|Any CPU
		{01FD5A72-AB4F-432B-8AE9-4220810FF931}.Debug|Any CPU.ActiveCfg = Debug|Any CPU
		{01FD5A72-AB4F-432B-8AE9-4220810FF931}.Debug|Any CPU.Build.0 = Debug|Any CPU
		{01FD5A72-AB4F-432B-8AE9-4220810FF931}.Release|Any CPU.ActiveCfg = Release|Any CPU
		{01FD5A72-AB4F-432B-8AE9-4220810FF931}.Release|Any CPU.Build.0 = Release|Any CPU
		{A3F536BC-5E0C-4289-BEC3-F8B3F0CF4CF8}.Debug|Any CPU.ActiveCfg = Debug|Any CPU
		{A3F536BC-5E0C-4289-BEC3-F8B3F0CF4CF8}.Debug|Any CPU.Build.0 = Debug|Any CPU
		{A3F536BC-5E0C-4289-BEC3-F8B3F0CF4CF8}.Release|Any CPU.ActiveCfg = Release|Any CPU
		{A3F536BC-5E0C-4289-BEC3-F8B3F0CF4CF8}.Release|Any CPU.Build.0 = Release|Any CPU
		{48E12798-2E83-4BE2-8664-1ABF2647ED04}.Debug|Any CPU.ActiveCfg = Debug|Any CPU
		{48E12798-2E83-4BE2-8664-1ABF2647ED04}.Debug|Any CPU.Build.0 = Debug|Any CPU
		{48E12798-2E83-4BE2-8664-1ABF2647ED04}.Release|Any CPU.ActiveCfg = Release|Any CPU
		{48E12798-2E83-4BE2-8664-1ABF2647ED04}.Release|Any CPU.Build.0 = Release|Any CPU
		{A897F5B6-0B74-4418-AFFF-817BC56AB07F}.Debug|Any CPU.ActiveCfg = Debug|Any CPU
		{A897F5B6-0B74-4418-AFFF-817BC56AB07F}.Debug|Any CPU.Build.0 = Debug|Any CPU
		{A897F5B6-0B74-4418-AFFF-817BC56AB07F}.Release|Any CPU.ActiveCfg = Release|Any CPU
		{A897F5B6-0B74-4418-AFFF-817BC56AB07F}.Release|Any CPU.Build.0 = Release|Any CPU
		{5CAD8053-9D4B-4923-898D-6D90ED22541D}.Debug|Any CPU.ActiveCfg = Debug|Any CPU
		{5CAD8053-9D4B-4923-898D-6D90ED22541D}.Debug|Any CPU.Build.0 = Debug|Any CPU
		{5CAD8053-9D4B-4923-898D-6D90ED22541D}.Release|Any CPU.ActiveCfg = Release|Any CPU
		{5CAD8053-9D4B-4923-898D-6D90ED22541D}.Release|Any CPU.Build.0 = Release|Any CPU
		{3CF53635-7BC9-49A1-AF16-0730DC0835AF}.Debug|Any CPU.ActiveCfg = Debug|Any CPU
		{3CF53635-7BC9-49A1-AF16-0730DC0835AF}.Debug|Any CPU.Build.0 = Debug|Any CPU
		{3CF53635-7BC9-49A1-AF16-0730DC0835AF}.Release|Any CPU.ActiveCfg = Release|Any CPU
		{3CF53635-7BC9-49A1-AF16-0730DC0835AF}.Release|Any CPU.Build.0 = Release|Any CPU
		{9386592B-0983-403B-8DCD-05F233474ADA}.Debug|Any CPU.ActiveCfg = Debug|Any CPU
		{9386592B-0983-403B-8DCD-05F233474ADA}.Debug|Any CPU.Build.0 = Debug|Any CPU
		{9386592B-0983-403B-8DCD-05F233474ADA}.Release|Any CPU.ActiveCfg = Release|Any CPU
		{9386592B-0983-403B-8DCD-05F233474ADA}.Release|Any CPU.Build.0 = Release|Any CPU
		{BEB1245C-3148-4410-8A94-704DD5518250}.Debug|Any CPU.ActiveCfg = Debug|Any CPU
		{BEB1245C-3148-4410-8A94-704DD5518250}.Debug|Any CPU.Build.0 = Debug|Any CPU
		{BEB1245C-3148-4410-8A94-704DD5518250}.Release|Any CPU.ActiveCfg = Release|Any CPU
		{BEB1245C-3148-4410-8A94-704DD5518250}.Release|Any CPU.Build.0 = Release|Any CPU
	EndGlobalSection
	GlobalSection(SolutionProperties) = preSolution
		HideSolutionNode = FALSE
	EndGlobalSection
	GlobalSection(NestedProjects) = preSolution
		{5E620924-9494-4F4E-AF05-E27708E506BE} = {26CC5B4B-964F-45F0-99B3-C199B11041C1}
		{F5DAB90B-43CE-4B12-8570-E7F2F26CC53C} = {26CC5B4B-964F-45F0-99B3-C199B11041C1}
		{1A3D3060-96C6-41EA-88EF-47E38F6A4F2B} = {26CC5B4B-964F-45F0-99B3-C199B11041C1}
		{1237810D-76B0-4144-948A-B6EC83112331} = {26CC5B4B-964F-45F0-99B3-C199B11041C1}
		{DCFB1E6E-9A2E-45A2-A113-D5EE3BA221AD} = {26CC5B4B-964F-45F0-99B3-C199B11041C1}
		{A4671AF7-4996-4F46-BBDB-5351057B4AEB} = {831E04E3-43B0-4B96-9996-9F534F40DB55}
		{F7A4401E-B2CE-4B0B-A4EA-7295829C604F} = {5E620924-9494-4F4E-AF05-E27708E506BE}
		{7E74FFAA-9F1C-4061-8757-978777570C5A} = {F5DAB90B-43CE-4B12-8570-E7F2F26CC53C}
		{EBD79EAF-59FF-4928-8705-57629FE7F4F0} = {DCFB1E6E-9A2E-45A2-A113-D5EE3BA221AD}
		{DE7DDD77-3C9A-417C-9E7E-B9B273263318} = {1A3D3060-96C6-41EA-88EF-47E38F6A4F2B}
		{01FD5A72-AB4F-432B-8AE9-4220810FF931} = {1237810D-76B0-4144-948A-B6EC83112331}
		{A3F536BC-5E0C-4289-BEC3-F8B3F0CF4CF8} = {1237810D-76B0-4144-948A-B6EC83112331}
		{48E12798-2E83-4BE2-8664-1ABF2647ED04} = {1237810D-76B0-4144-948A-B6EC83112331}
		{A897F5B6-0B74-4418-AFFF-817BC56AB07F} = {1237810D-76B0-4144-948A-B6EC83112331}
		{2EC8CF64-CFE4-4305-A101-F0042B75994A} = {26CC5B4B-964F-45F0-99B3-C199B11041C1}
		{5CAD8053-9D4B-4923-898D-6D90ED22541D} = {2EC8CF64-CFE4-4305-A101-F0042B75994A}
		{9386592B-0983-403B-8DCD-05F233474ADA} = {CA658618-4A8D-4B4E-AFCD-5DFF2B67C396}
		{49913358-6AD3-4A83-8B28-A6CAF94F20D8} = {26CC5B4B-964F-45F0-99B3-C199B11041C1}
		{BEB1245C-3148-4410-8A94-704DD5518250} = {49913358-6AD3-4A83-8B28-A6CAF94F20D8}
	EndGlobalSection
	GlobalSection(ExtensibilityGlobals) = postSolution
		SolutionGuid = {3F806A11-86F5-4307-9D8E-9E0E8B38914B}
	EndGlobalSection
EndGlobal
